
Microsoft Visual Studio Solution File, Format Version 12.00
# Visual Studio 15
VisualStudioVersion = 15.0.26730.12
MinimumVisualStudioVersion = 10.0.40219.1
Project("{8BC9CEB8-8B4A-11D0-8D11-00A0C91BC942}") = "ScratchPad", "ScratchPad\ScratchPad.vcxproj", "{44F97EC6-F491-48CC-9F8D-C745CB26B094}"
EndProject
Global
	GlobalSection(SolutionConfigurationPlatforms) = preSolution
		Debug|x64 = Debug|x64
		Debug|x86 = Debug|x86
		Release|x64 = Release|x64
		Release|x86 = Release|x86
	EndGlobalSection
	GlobalSection(ProjectConfigurationPlatforms) = postSolution
		{44F97EC6-F491-48CC-9F8D-C745CB26B094}.Debug|x64.ActiveCfg = Debug|x64
		{44F97EC6-F491-48CC-9F8D-C745CB26B094}.Debug|x64.Build.0 = Debug|x64
		{44F97EC6-F491-48CC-9F8D-C745CB26B094}.Debug|x86.ActiveCfg = Debug|Win32
		{44F97EC6-F491-48CC-9F8D-C745CB26B094}.Debug|x86.Build.0 = Debug|Win32
		{44F97EC6-F491-48CC-9F8D-C745CB26B094}.Release|x64.ActiveCfg = Release|x64
		{44F97EC6-F491-48CC-9F8D-C745CB26B094}.Release|x64.Build.0 = Release|x64
		{44F97EC6-F491-48CC-9F8D-C745CB26B094}.Release|x86.ActiveCfg = Release|Win32
		{44F97EC6-F491-48CC-9F8D-C745CB26B094}.Release|x86.Build.0 = Release|Win32
	EndGlobalSection
	GlobalSection(SolutionProperties) = preSolution
		HideSolutionNode = FALSE
	EndGlobalSection
	GlobalSection(ExtensibilityGlobals) = postSolution
		SolutionGuid = {45C66B26-F4D7-4292-B896-BC39CDCB64AE}
	EndGlobalSection
EndGlobal
